// !$*UTF8*$!
{
	archiveVersion = 1;
	classes = {
	};
	objectVersion = 50;
	objects = {

/* Begin PBXGroup section */
		5D6F7ADB25A1A91100BCE98D = {
			isa = PBXGroup;
			children = (
			);
			sourceTree = "<group>";
		};
/* End PBXGroup section */

/* Begin PBXProject section */
		5D6F7ADC25A1A91100BCE98D /* Project object */ = {
			isa = PBXProject;
			attributes = {
				LastUpgradeCheck = 1230;
			};
			buildConfigurationList = 5D6F7ADF25A1A91100BCE98D /* Build configuration list for PBXProject "MyPlayGround" */;
			compatibilityVersion = "Xcode 9.3";
			developmentRegion = en;
			hasScannedForEncodings = 0;
			knownRegions = (
				en,
				Base,
			);
			mainGroup = 5D6F7ADB25A1A91100BCE98D;
			projectDirPath = "";
			projectRoot = "";
			targets = (
			);
		};
/* End PBXProject section */

/* Begin XCBuildConfiguration section */
		5D6F7AE025A1A91100BCE98D /* Debug */ = {
			isa = XCBuildConfiguration;
			buildSettings = {
			};
			name = Debug;
		};
		5D6F7AE125A1A91100BCE98D /* Release */ = {
			isa = XCBuildConfiguration;
			buildSettings = {
			};
			name = Release;
		};
/* End XCBuildConfiguration section */

/* Begin XCConfigurationList section */
		5D6F7ADF25A1A91100BCE98D /* Build configuration list for PBXProject "MyPlayGround" */ = {
			isa = XCConfigurationList;
			buildConfigurations = (
				5D6F7AE025A1A91100BCE98D /* Debug */,
				5D6F7AE125A1A91100BCE98D /* Release */,
			);
			defaultConfigurationIsVisible = 0;
			defaultConfigurationName = Release;
		};
/* End XCConfigurationList section */
	};
	rootObject = 5D6F7ADC25A1A91100BCE98D /* Project object */;
}
